
Microsoft Visual Studio Solution File, Format Version 12.00
# Visual Studio Version 17
VisualStudioVersion = 17.4.33213.308
MinimumVisualStudioVersion = 10.0.40219.1
Project("{FAE04EC0-301F-11D3-BF4B-00C04F79EFBC}") = "double_v_test_.NET", "double_v_test_.NET\double_v_test_.NET.csproj", "{ABCAF96C-7624-4036-91F2-A095347E0452}"
EndProject
Global
	GlobalSection(SolutionConfigurationPlatforms) = preSolution
		Debug|Any CPU = Debug|Any CPU
		Release|Any CPU = Release|Any CPU
	EndGlobalSection
	GlobalSection(ProjectConfigurationPlatforms) = postSolution
		{ABCAF96C-7624-4036-91F2-A095347E0452}.Debug|Any CPU.ActiveCfg = Debug|Any CPU
		{ABCAF96C-7624-4036-91F2-A095347E0452}.Debug|Any CPU.Build.0 = Debug|Any CPU
		{ABCAF96C-7624-4036-91F2-A095347E0452}.Release|Any CPU.ActiveCfg = Release|Any CPU
		{ABCAF96C-7624-4036-91F2-A095347E0452}.Release|Any CPU.Build.0 = Release|Any CPU
	EndGlobalSection
	GlobalSection(SolutionProperties) = preSolution
		HideSolutionNode = FALSE
	EndGlobalSection
	GlobalSection(ExtensibilityGlobals) = postSolution
		SolutionGuid = {8083DD3B-CAB7-4BD3-8B21-D87A45E980CA}
	EndGlobalSection
EndGlobal
